{
  "projects": [
    {
      "projectId": "9Vr5YWkf3w7jj6SsTcCEta",
      "version": "0.10.0",
      "dependencies": {},
      "lang": "ts",
      "fileLocks": [
        {
          "assetId": "9Vr5YWkf3w7jj6SsTcCEta",
          "type": "projectCss",
          "checksum": "e1ec850476829c38b0f9b6d4f7ac446a"
        }
      ],
      "codegenVersion": "0.0.1"
    },
    {
      "projectId": "jkU633o1Cz7HrJdwdxhVHk",
      "version": "16.10.0",
      "dependencies": {},
      "lang": "ts",
      "fileLocks": [
        {
          "assetId": "jkU633o1Cz7HrJdwdxhVHk",
          "type": "projectCss",
          "checksum": "0581d4378bb1604bb5fe3f65bb0a37de"
        }
      ],
      "codegenVersion": "0.0.1"
    },
    {
      "projectId": "ohDidvG9XsCeFumugENU3J",
      "version": "6.24.0",
      "dependencies": {},
      "lang": "ts",
      "fileLocks": [
        {
          "assetId": "ohDidvG9XsCeFumugENU3J",
          "type": "projectCss",
          "checksum": "fd83b730367fdbde2c69bc6cf31c2a3c"
        },
        {
          "assetId": "ohDidvG9XsCeFumugENU3J",
          "checksum": "de0a0e65174a6a185a8f822af51c6bdd",
          "type": "globalContexts"
        }
      ],
      "codegenVersion": "0.0.1"
    },
    {
      "projectId": "kgg8L5zESHbHv5qhWQFLyJ",
      "version": "latest",
      "dependencies": {
        "ohDidvG9XsCeFumugENU3J": "6.24.0",
        "jkU633o1Cz7HrJdwdxhVHk": "16.10.0",
        "9Vr5YWkf3w7jj6SsTcCEta": "0.10.0"
      },
      "lang": "ts",
      "fileLocks": [
        {
          "type": "globalVariant",
          "assetId": "RYVwV9967wqH",
          "checksum": "d28708135065db48af364ec0411b15a2"
        },
        {
          "assetId": "kgg8L5zESHbHv5qhWQFLyJ",
          "checksum": "70235bc5e43263f4d4385ee42fc9503e",
          "type": "globalContexts"
        },
        {
          "type": "renderModule",
          "assetId": "YdKVSVcVKD9l",
          "checksum": "e33d57bcb9ba5014e06f823fcb917c5e"
        },
        {
          "type": "cssRules",
          "assetId": "YdKVSVcVKD9l",
          "checksum": "e33d57bcb9ba5014e06f823fcb917c5e"
        },
        {
          "type": "renderModule",
          "assetId": "IJtJ-hHQ9pyC",
          "checksum": "40926d64fe892907f54a244c9eaa2514"
        },
        {
          "type": "cssRules",
          "assetId": "IJtJ-hHQ9pyC",
          "checksum": "40926d64fe892907f54a244c9eaa2514"
        },
        {
          "type": "icon",
          "assetId": "5ycIgOndIKic",
          "checksum": "224c7ec3e65a258a64ef3e153b8e2a61"
        },
        {
          "type": "icon",
          "assetId": "Y0DoAxKOIc1v",
          "checksum": "c3ef9f14eecd72de6635e465b969a008"
        },
        {
          "type": "icon",
          "assetId": "hRkGbg8D1sp2",
          "checksum": "495f2158dba3d29ab5b636170faf60db"
        },
        {
          "type": "image",
          "assetId": "zNSEDeyddsrn",
          "checksum": "41b0521e759fcb7111c1d5d03fad6e62"
        },
        {
          "type": "image",
          "assetId": "QpuPt8GQEmPb",
          "checksum": "792a992039df9ab30510382659c97d41"
        },
        {
          "assetId": "kgg8L5zESHbHv5qhWQFLyJ",
          "type": "projectCss",
          "checksum": "3d1a357272c4c3baf7c0d4b282b2a8d8"
        }
      ],
      "codegenVersion": "0.0.1"
    }
  ],
  "cliVersion": "0.1.330"
}
